
Microsoft Visual Studio Solution File, Format Version 10.00
# Visual Studio 2008
Project("{8BC9CEB8-8B4A-11D0-8D11-00A0C91BC942}") = "LevelEditor", "LevelEditor.vcproj", "{F7D17D58-82A1-4D67-8A86-0D5AABB49392}"
EndProject
Global
	GlobalSection(SolutionConfigurationPlatforms) = preSolution
		Debug|Win32 = Debug|Win32
		Release|Win32 = Release|Win32
	EndGlobalSection
	GlobalSection(ProjectConfigurationPlatforms) = postSolution
		{F7D17D58-82A1-4D67-8A86-0D5AABB49392}.Debug|Win32.ActiveCfg = Debug|Win32
		{F7D17D58-82A1-4D67-8A86-0D5AABB49392}.Debug|Win32.Build.0 = Debug|Win32
		{F7D17D58-82A1-4D67-8A86-0D5AABB49392}.Release|Win32.ActiveCfg = Release|Win32
		{F7D17D58-82A1-4D67-8A86-0D5AABB49392}.Release|Win32.Build.0 = Release|Win32
	EndGlobalSection
	GlobalSection(SolutionProperties) = preSolution
		HideSolutionNode = FALSE
	EndGlobalSection
EndGlobal
